
Microsoft Visual Studio Solution File, Format Version 12.00
# Visual Studio Version 16
VisualStudioVersion = 16.0.31129.286
MinimumVisualStudioVersion = 10.0.40219.1
Project("{8BC9CEB8-8B4A-11D0-8D11-00A0C91BC942}") = "Serpiente", "Serpiente.vcxproj", "{F4DF6E50-107E-4CDD-A873-477E14EFACFF}"
EndProject
Global
	GlobalSection(SolutionConfigurationPlatforms) = preSolution
		Debug|x64 = Debug|x64
		Debug|x86 = Debug|x86
		Release|x64 = Release|x64
		Release|x86 = Release|x86
	EndGlobalSection
	GlobalSection(ProjectConfigurationPlatforms) = postSolution
		{F4DF6E50-107E-4CDD-A873-477E14EFACFF}.Debug|x64.ActiveCfg = Debug|x64
		{F4DF6E50-107E-4CDD-A873-477E14EFACFF}.Debug|x64.Build.0 = Debug|x64
		{F4DF6E50-107E-4CDD-A873-477E14EFACFF}.Debug|x86.ActiveCfg = Debug|Win32
		{F4DF6E50-107E-4CDD-A873-477E14EFACFF}.Debug|x86.Build.0 = Debug|Win32
		{F4DF6E50-107E-4CDD-A873-477E14EFACFF}.Release|x64.ActiveCfg = Release|x64
		{F4DF6E50-107E-4CDD-A873-477E14EFACFF}.Release|x64.Build.0 = Release|x64
		{F4DF6E50-107E-4CDD-A873-477E14EFACFF}.Release|x86.ActiveCfg = Release|Win32
		{F4DF6E50-107E-4CDD-A873-477E14EFACFF}.Release|x86.Build.0 = Release|Win32
	EndGlobalSection
	GlobalSection(SolutionProperties) = preSolution
		HideSolutionNode = FALSE
	EndGlobalSection
	GlobalSection(ExtensibilityGlobals) = postSolution
		SolutionGuid = {B2A4D37B-C84E-41A5-9A97-27B0A21D0044}
	EndGlobalSection
EndGlobal
